<Solution>
  <Project Path="demoo/Lab02_Bai1.csproj" Id="b967c7b7-65db-465d-9d27-6d83c4d9e5f2" />
  <Project Path="Lab01_ASP/Lab01_ASP.csproj" Id="50fe6d58-33f6-403b-b6c2-dff7afb69c3f" />
  <Project Path="Lab01_Bai3_ASP/Lab01_Bai3_ASP.csproj" Id="5067d81c-096a-4494-a85d-b6178960585a" />
  <Project Path="Lab02_Bai2/Lab02_Bai2.csproj" Id="f368dce5-40a2-4f49-a318-d421832c4cba" />
  <Project Path="Lab02_Bai4/Lab02_Bai4.csproj" Id="2566ad54-ec2c-4b1f-826c-e4804cc9bd2a" />
  <Project Path="Lab03_Bai1/Lab03_Bai1.csproj" Id="406100c3-27be-41af-a064-1e25f2ee1141" />
  <Project Path="Lab03_Bai2/Lab03_Bai2.csproj" Id="3083c3ed-c622-43b7-92c7-46149294bc4c" />
  <Project Path="Lab2/Lab2/Lab02_Bai3.csproj" />
</Solution>
